
Microsoft Visual Studio Solution File, Format Version 12.00
# Visual Studio Version 16
VisualStudioVersion = 16.0.32802.440
MinimumVisualStudioVersion = 10.0.40219.1
Project("{FAE04EC0-301F-11D3-BF4B-00C04F79EFBC}") = "Methods", "Methods.csproj", "{9B673EC1-6A63-40CC-9D87-AEDA58C17B43}"
EndProject
Global
	GlobalSection(SolutionConfigurationPlatforms) = preSolution
		Debug|Any CPU = Debug|Any CPU
		Release|Any CPU = Release|Any CPU
	EndGlobalSection
	GlobalSection(ProjectConfigurationPlatforms) = postSolution
		{9B673EC1-6A63-40CC-9D87-AEDA58C17B43}.Debug|Any CPU.ActiveCfg = Debug|Any CPU
		{9B673EC1-6A63-40CC-9D87-AEDA58C17B43}.Debug|Any CPU.Build.0 = Debug|Any CPU
		{9B673EC1-6A63-40CC-9D87-AEDA58C17B43}.Release|Any CPU.ActiveCfg = Release|Any CPU
		{9B673EC1-6A63-40CC-9D87-AEDA58C17B43}.Release|Any CPU.Build.0 = Release|Any CPU
	EndGlobalSection
	GlobalSection(SolutionProperties) = preSolution
		HideSolutionNode = FALSE
	EndGlobalSection
	GlobalSection(ExtensibilityGlobals) = postSolution
		SolutionGuid = {AB10EB9B-1B46-4625-A88B-E10E83131F6E}
	EndGlobalSection
EndGlobal
